
Microsoft Visual Studio Solution File, Format Version 12.00
# Visual Studio Version 17
VisualStudioVersion = 17.9.34714.143
MinimumVisualStudioVersion = 10.0.40219.1
Project("{FAE04EC0-301F-11D3-BF4B-00C04F79EFBC}") = "NovelCart", "NovelCart.csproj", "{69D0B2AC-7871-4580-9A7E-4F5CE34D1CF0}"
EndProject
Global
	GlobalSection(SolutionConfigurationPlatforms) = preSolution
		Debug|Any CPU = Debug|Any CPU
		Release|Any CPU = Release|Any CPU
	EndGlobalSection
	GlobalSection(ProjectConfigurationPlatforms) = postSolution
		{69D0B2AC-7871-4580-9A7E-4F5CE34D1CF0}.Debug|Any CPU.ActiveCfg = Debug|Any CPU
		{69D0B2AC-7871-4580-9A7E-4F5CE34D1CF0}.Debug|Any CPU.Build.0 = Debug|Any CPU
		{69D0B2AC-7871-4580-9A7E-4F5CE34D1CF0}.Release|Any CPU.ActiveCfg = Release|Any CPU
		{69D0B2AC-7871-4580-9A7E-4F5CE34D1CF0}.Release|Any CPU.Build.0 = Release|Any CPU
	EndGlobalSection
	GlobalSection(SolutionProperties) = preSolution
		HideSolutionNode = FALSE
	EndGlobalSection
	GlobalSection(ExtensibilityGlobals) = postSolution
		SolutionGuid = {10589C21-F011-49C9-AE74-D537FC0067E0}
	EndGlobalSection
EndGlobal
